
Microsoft Visual Studio Solution File, Format Version 12.00
# Visual Studio Version 17
VisualStudioVersion = 17.4.33213.308
MinimumVisualStudioVersion = 10.0.40219.1
Project("{FAE04EC0-301F-11D3-BF4B-00C04F79EFBC}") = "MvcMovie", "MvcMovie.csproj", "{C78FD0F5-A15C-49D0-A2E1-95992B2AC8F5}"
EndProject
Global
	GlobalSection(SolutionConfigurationPlatforms) = preSolution
		Debug|Any CPU = Debug|Any CPU
		Release|Any CPU = Release|Any CPU
	EndGlobalSection
	GlobalSection(ProjectConfigurationPlatforms) = postSolution
		{C78FD0F5-A15C-49D0-A2E1-95992B2AC8F5}.Debug|Any CPU.ActiveCfg = Debug|Any CPU
		{C78FD0F5-A15C-49D0-A2E1-95992B2AC8F5}.Debug|Any CPU.Build.0 = Debug|Any CPU
		{C78FD0F5-A15C-49D0-A2E1-95992B2AC8F5}.Release|Any CPU.ActiveCfg = Release|Any CPU
		{C78FD0F5-A15C-49D0-A2E1-95992B2AC8F5}.Release|Any CPU.Build.0 = Release|Any CPU
	EndGlobalSection
	GlobalSection(SolutionProperties) = preSolution
		HideSolutionNode = FALSE
	EndGlobalSection
	GlobalSection(ExtensibilityGlobals) = postSolution
		SolutionGuid = {F5F29F86-53DB-42E9-864A-8D7B13EC9FD7}
	EndGlobalSection
EndGlobal
